
Microsoft Visual Studio Solution File, Format Version 12.00
# Visual Studio Version 16
VisualStudioVersion = 16.0.29806.167
MinimumVisualStudioVersion = 10.0.40219.1
Project("{FAE04EC0-301F-11D3-BF4B-00C04F79EFBC}") = "Calc", "Calc\Calc.csproj", "{2DEFCED9-1337-41C0-ACBF-3EB49C7FC2BE}"
EndProject
Project("{FAE04EC0-301F-11D3-BF4B-00C04F79EFBC}") = "CalcUI", "CalcUI\CalcUI.csproj", "{15112449-31E6-472C-9BFA-7F23B734E401}"
EndProject
Project("{FAE04EC0-301F-11D3-BF4B-00C04F79EFBC}") = "Calc.Test", "Calc.Test\Calc.Test.csproj", "{FF5E87C9-92F2-42DE-A051-BB472D5C1D0C}"
EndProject
Global
	GlobalSection(SolutionConfigurationPlatforms) = preSolution
		Debug|Any CPU = Debug|Any CPU
		Release|Any CPU = Release|Any CPU
	EndGlobalSection
	GlobalSection(ProjectConfigurationPlatforms) = postSolution
		{2DEFCED9-1337-41C0-ACBF-3EB49C7FC2BE}.Debug|Any CPU.ActiveCfg = Debug|Any CPU
		{2DEFCED9-1337-41C0-ACBF-3EB49C7FC2BE}.Debug|Any CPU.Build.0 = Debug|Any CPU
		{2DEFCED9-1337-41C0-ACBF-3EB49C7FC2BE}.Release|Any CPU.ActiveCfg = Release|Any CPU
		{2DEFCED9-1337-41C0-ACBF-3EB49C7FC2BE}.Release|Any CPU.Build.0 = Release|Any CPU
		{15112449-31E6-472C-9BFA-7F23B734E401}.Debug|Any CPU.ActiveCfg = Debug|Any CPU
		{15112449-31E6-472C-9BFA-7F23B734E401}.Debug|Any CPU.Build.0 = Debug|Any CPU
		{15112449-31E6-472C-9BFA-7F23B734E401}.Release|Any CPU.ActiveCfg = Release|Any CPU
		{15112449-31E6-472C-9BFA-7F23B734E401}.Release|Any CPU.Build.0 = Release|Any CPU
		{FF5E87C9-92F2-42DE-A051-BB472D5C1D0C}.Debug|Any CPU.ActiveCfg = Debug|Any CPU
		{FF5E87C9-92F2-42DE-A051-BB472D5C1D0C}.Debug|Any CPU.Build.0 = Debug|Any CPU
		{FF5E87C9-92F2-42DE-A051-BB472D5C1D0C}.Release|Any CPU.ActiveCfg = Release|Any CPU
		{FF5E87C9-92F2-42DE-A051-BB472D5C1D0C}.Release|Any CPU.Build.0 = Release|Any CPU
	EndGlobalSection
	GlobalSection(SolutionProperties) = preSolution
		HideSolutionNode = FALSE
	EndGlobalSection
	GlobalSection(ExtensibilityGlobals) = postSolution
		SolutionGuid = {051F30E5-9645-4196-A52F-59CB9469051A}
	EndGlobalSection
EndGlobal
